// !$*UTF8*$!
{
	archiveVersion = 1;
	classes = {
	};
	objectVersion = 77;
	objects = {

/* Begin PBXBuildFile section */
		F1CCAE3A2EDC181F00388E23 /* RealityKitContent in Frameworks */ = {isa = PBXBuildFile; productRef = F1CCAE392EDC181F00388E23 /* RealityKitContent */; };
		F1CCAE572EDC18B200388E23 /* DockerVisionSDK in Frameworks */ = {isa = PBXBuildFile; productRef = F1CCAE562EDC18B100388E23 /* DockerVisionSDK */; };
/* End PBXBuildFile section */

/* Begin PBXContainerItemProxy section */
		F1CCAE472EDC182000388E23 /* PBXContainerItemProxy */ = {
			isa = PBXContainerItemProxy;
			containerPortal = F1CCAE2C2EDC181F00388E23 /* Project object */;
			proxyType = 1;
			remoteGlobalIDString = F1CCAE332EDC181F00388E23;
			remoteInfo = DockerVision;
		};
/* End PBXContainerItemProxy section */

/* Begin PBXFileReference section */
		F1CCAE342EDC181F00388E23 /* DockerVision.app */ = {isa = PBXFileReference; explicitFileType = wrapper.application; includeInIndex = 0; path = DockerVision.app; sourceTree = BUILT_PRODUCTS_DIR; };
		F1CCAE382EDC181F00388E23 /* RealityKitContent */ = {isa = PBXFileReference; lastKnownFileType = wrapper; path = RealityKitContent; sourceTree = "<group>"; };
		F1CCAE462EDC182000388E23 /* DockerVisionTests.xctest */ = {isa = PBXFileReference; explicitFileType = wrapper.cfbundle; includeInIndex = 0; path = DockerVisionTests.xctest; sourceTree = BUILT_PRODUCTS_DIR; };
/* End PBXFileReference section */

/* Begin PBXFileSystemSynchronizedBuildFileExceptionSet section */
		F1CCAE4C2EDC182000388E23 /* Exceptions for "DockerVision" folder in "DockerVision" target */ = {
			isa = PBXFileSystemSynchronizedBuildFileExceptionSet;
			membershipExceptions = (
				Info.plist,
			);
			target = F1CCAE332EDC181F00388E23 /* DockerVision */;
		};
/* End PBXFileSystemSynchronizedBuildFileExceptionSet section */

/* Begin PBXFileSystemSynchronizedRootGroup section */
		F1CCAE362EDC181F00388E23 /* DockerVision */ = {
			isa = PBXFileSystemSynchronizedRootGroup;
			exceptions = (
				F1CCAE4C2EDC182000388E23 /* Exceptions for "DockerVision" folder in "DockerVision" target */,
			);
			path = DockerVision;
			sourceTree = "<group>";
		};
		F1CCAE492EDC182000388E23 /* DockerVisionTests */ = {
			isa = PBXFileSystemSynchronizedRootGroup;
			path = DockerVisionTests;
			sourceTree = "<group>";
		};
/* End PBXFileSystemSynchronizedRootGroup section */

/* Begin PBXFrameworksBuildPhase section */
		F1CCAE312EDC181F00388E23 /* Frameworks */ = {
			isa = PBXFrameworksBuildPhase;
			buildActionMask = 2147483647;
			files = (
				F1CCAE3A2EDC181F00388E23 /* RealityKitContent in Frameworks */,
				F1CCAE572EDC18B200388E23 /* DockerVisionSDK in Frameworks */,
			);
			runOnlyForDeploymentPostprocessing = 0;
		};
		F1CCAE432EDC182000388E23 /* Frameworks */ = {
			isa = PBXFrameworksBuildPhase;
			buildActionMask = 2147483647;
			files = (
			);
			runOnlyForDeploymentPostprocessing = 0;
		};
/* End PBXFrameworksBuildPhase section */

/* Begin PBXGroup section */
		F1CCAE2B2EDC181F00388E23 = {
			isa = PBXGroup;
			children = (
				F1CCAE362EDC181F00388E23 /* DockerVision */,
				F1CCAE372EDC181F00388E23 /* Packages */,
				F1CCAE492EDC182000388E23 /* DockerVisionTests */,
				F1CCAE352EDC181F00388E23 /* Products */,
			);
			sourceTree = "<group>";
		};
		F1CCAE352EDC181F00388E23 /* Products */ = {
			isa = PBXGroup;
			children = (
				F1CCAE342EDC181F00388E23 /* DockerVision.app */,
				F1CCAE462EDC182000388E23 /* DockerVisionTests.xctest */,
			);
			name = Products;
			sourceTree = "<group>";
		};
		F1CCAE372EDC181F00388E23 /* Packages */ = {
			isa = PBXGroup;
			children = (
				F1CCAE382EDC181F00388E23 /* RealityKitContent */,
			);
			path = Packages;
			sourceTree = "<group>";
		};
/* End PBXGroup section */

/* Begin PBXNativeTarget section */
		F1CCAE332EDC181F00388E23 /* DockerVision */ = {
			isa = PBXNativeTarget;
			buildConfigurationList = F1CCAE4D2EDC182000388E23 /* Build configuration list for PBXNativeTarget "DockerVision" */;
			buildPhases = (
				F1CCAE302EDC181F00388E23 /* Sources */,
				F1CCAE312EDC181F00388E23 /* Frameworks */,
				F1CCAE322EDC181F00388E23 /* Resources */,
			);
			buildRules = (
			);
			dependencies = (
			);
			fileSystemSynchronizedGroups = (
				F1CCAE362EDC181F00388E23 /* DockerVision */,
			);
			name = DockerVision;
			packageProductDependencies = (
				F1CCAE392EDC181F00388E23 /* RealityKitContent */,
				F1CCAE562EDC18B100388E23 /* DockerVisionSDK */,
			);
			productName = DockerVision;
			productReference = F1CCAE342EDC181F00388E23 /* DockerVision.app */;
			productType = "com.apple.product-type.application";
		};
		F1CCAE452EDC182000388E23 /* DockerVisionTests */ = {
			isa = PBXNativeTarget;
			buildConfigurationList = F1CCAE522EDC182000388E23 /* Build configuration list for PBXNativeTarget "DockerVisionTests" */;
			buildPhases = (
				F1CCAE422EDC182000388E23 /* Sources */,
				F1CCAE432EDC182000388E23 /* Frameworks */,
				F1CCAE442EDC182000388E23 /* Resources */,
			);
			buildRules = (
			);
			dependencies = (
				F1CCAE482EDC182000388E23 /* PBXTargetDependency */,
			);
			fileSystemSynchronizedGroups = (
				F1CCAE492EDC182000388E23 /* DockerVisionTests */,
			);
			name = DockerVisionTests;
			packageProductDependencies = (
			);
			productName = DockerVisionTests;
			productReference = F1CCAE462EDC182000388E23 /* DockerVisionTests.xctest */;
			productType = "com.apple.product-type.bundle.unit-test";
		};
/* End PBXNativeTarget section */

/* Begin PBXProject section */
		F1CCAE2C2EDC181F00388E23 /* Project object */ = {
			isa = PBXProject;
			attributes = {
				BuildIndependentTargetsInParallel = 1;
				LastSwiftUpdateCheck = 2600;
				LastUpgradeCheck = 2600;
				TargetAttributes = {
					F1CCAE332EDC181F00388E23 = {
						CreatedOnToolsVersion = 26.0;
					};
					F1CCAE452EDC182000388E23 = {
						CreatedOnToolsVersion = 26.0;
						TestTargetID = F1CCAE332EDC181F00388E23;
					};
				};
			};
			buildConfigurationList = F1CCAE2F2EDC181F00388E23 /* Build configuration list for PBXProject "DockerVision" */;
			developmentRegion = en;
			hasScannedForEncodings = 0;
			knownRegions = (
				en,
				Base,
			);
			mainGroup = F1CCAE2B2EDC181F00388E23;
			minimizedProjectReferenceProxies = 1;
			packageReferences = (
				F1CCAE552EDC18B100388E23 /* XCLocalSwiftPackageReference "../../sdk/swift/DockerVisionSDK" */,
			);
			preferredProjectObjectVersion = 77;
			productRefGroup = F1CCAE352EDC181F00388E23 /* Products */;
			projectDirPath = "";
			projectRoot = "";
			targets = (
				F1CCAE332EDC181F00388E23 /* DockerVision */,
				F1CCAE452EDC182000388E23 /* DockerVisionTests */,
			);
		};
/* End PBXProject section */

/* Begin PBXResourcesBuildPhase section */
		F1CCAE322EDC181F00388E23 /* Resources */ = {
			isa = PBXResourcesBuildPhase;
			buildActionMask = 2147483647;
			files = (
			);
			runOnlyForDeploymentPostprocessing = 0;
		};
		F1CCAE442EDC182000388E23 /* Resources */ = {
			isa = PBXResourcesBuildPhase;
			buildActionMask = 2147483647;
			files = (
			);
			runOnlyForDeploymentPostprocessing = 0;
		};
/* End PBXResourcesBuildPhase section */

/* Begin PBXSourcesBuildPhase section */
		F1CCAE302EDC181F00388E23 /* Sources */ = {
			isa = PBXSourcesBuildPhase;
			buildActionMask = 2147483647;
			files = (
			);
			runOnlyForDeploymentPostprocessing = 0;
		};
		F1CCAE422EDC182000388E23 /* Sources */ = {
			isa = PBXSourcesBuildPhase;
			buildActionMask = 2147483647;
			files = (
			);
			runOnlyForDeploymentPostprocessing = 0;
		};
/* End PBXSourcesBuildPhase section */

/* Begin PBXTargetDependency section */
		F1CCAE482EDC182000388E23 /* PBXTargetDependency */ = {
			isa = PBXTargetDependency;
			target = F1CCAE332EDC181F00388E23 /* DockerVision */;
			targetProxy = F1CCAE472EDC182000388E23 /* PBXContainerItemProxy */;
		};
/* End PBXTargetDependency section */

/* Begin XCBuildConfiguration section */
		F1CCAE4E2EDC182000388E23 /* Debug */ = {
			isa = XCBuildConfiguration;
			buildSettings = {
				ASSETCATALOG_COMPILER_APPICON_NAME = AppIcon;
				ASSETCATALOG_COMPILER_GLOBAL_ACCENT_COLOR_NAME = AccentColor;
				CODE_SIGN_STYLE = Automatic;
				CURRENT_PROJECT_VERSION = 1;
				DEVELOPMENT_TEAM = GNTHX6WSUW;
				ENABLE_PREVIEWS = YES;
				GENERATE_INFOPLIST_FILE = YES;
				INFOPLIST_FILE = "$(TARGET_NAME)/Info.plist";
				LD_RUNPATH_SEARCH_PATHS = (
					"$(inherited)",
					"@executable_path/Frameworks",
				);
				MARKETING_VERSION = 1.0;
				PRODUCT_BUNDLE_IDENTIFIER = dev.beardedwonder.DockerVision;
				PRODUCT_NAME = "$(TARGET_NAME)";
				STRING_CATALOG_GENERATE_SYMBOLS = YES;
				SUPPORTED_PLATFORMS = "xros xrsimulator";
				SWIFT_APPROACHABLE_CONCURRENCY = YES;
				SWIFT_DEFAULT_ACTOR_ISOLATION = MainActor;
				SWIFT_EMIT_LOC_STRINGS = YES;
				SWIFT_UPCOMING_FEATURE_MEMBER_IMPORT_VISIBILITY = YES;
				SWIFT_VERSION = 5.0;
				TARGETED_DEVICE_FAMILY = 7;
			};
			name = Debug;
		};
		F1CCAE4F2EDC182000388E23 /* Release */ = {
			isa = XCBuildConfiguration;
			buildSettings = {
				ASSETCATALOG_COMPILER_APPICON_NAME = AppIcon;
				ASSETCATALOG_COMPILER_GLOBAL_ACCENT_COLOR_NAME = AccentColor;
				CODE_SIGN_STYLE = Automatic;
				CURRENT_PROJECT_VERSION = 1;
				DEVELOPMENT_TEAM = GNTHX6WSUW;
				ENABLE_PREVIEWS = YES;
				GENERATE_INFOPLIST_FILE = YES;
				INFOPLIST_FILE = "$(TARGET_NAME)/Info.plist";
				LD_RUNPATH_SEARCH_PATHS = (
					"$(inherited)",
					"@executable_path/Frameworks",
				);
				MARKETING_VERSION = 1.0;
				PRODUCT_BUNDLE_IDENTIFIER = dev.beardedwonder.DockerVision;
				PRODUCT_NAME = "$(TARGET_NAME)";
				STRING_CATALOG_GENERATE_SYMBOLS = YES;
				SUPPORTED_PLATFORMS = "xros xrsimulator";
				SWIFT_APPROACHABLE_CONCURRENCY = YES;
				SWIFT_DEFAULT_ACTOR_ISOLATION = MainActor;
				SWIFT_EMIT_LOC_STRINGS = YES;
				SWIFT_UPCOMING_FEATURE_MEMBER_IMPORT_VISIBILITY = YES;
				SWIFT_VERSION = 5.0;
				TARGETED_DEVICE_FAMILY = 7;
			};
			name = Release;
		};
		F1CCAE502EDC182000388E23 /* Debug */ = {
			isa = XCBuildConfiguration;
			buildSettings = {
				ALWAYS_SEARCH_USER_PATHS = NO;
				ASSETCATALOG_COMPILER_GENERATE_SWIFT_ASSET_SYMBOL_EXTENSIONS = YES;
				CLANG_ANALYZER_NONNULL = YES;
				CLANG_ANALYZER_NUMBER_OBJECT_CONVERSION = YES_AGGRESSIVE;
				CLANG_CXX_LANGUAGE_STANDARD = "gnu++20";
				CLANG_ENABLE_MODULES = YES;
				CLANG_ENABLE_OBJC_ARC = YES;
				CLANG_ENABLE_OBJC_WEAK = YES;
				CLANG_WARN_BLOCK_CAPTURE_AUTORELEASING = YES;
				CLANG_WARN_BOOL_CONVERSION = YES;
				CLANG_WARN_COMMA = YES;
				CLANG_WARN_CONSTANT_CONVERSION = YES;
				CLANG_WARN_DEPRECATED_OBJC_IMPLEMENTATIONS = YES;
				CLANG_WARN_DIRECT_OBJC_ISA_USAGE = YES_ERROR;
				CLANG_WARN_DOCUMENTATION_COMMENTS = YES;
				CLANG_WARN_EMPTY_BODY = YES;
				CLANG_WARN_ENUM_CONVERSION = YES;
				CLANG_WARN_INFINITE_RECURSION = YES;
				CLANG_WARN_INT_CONVERSION = YES;
				CLANG_WARN_NON_LITERAL_NULL_CONVERSION = YES;
				CLANG_WARN_OBJC_IMPLICIT_RETAIN_SELF = YES;
				CLANG_WARN_OBJC_LITERAL_CONVERSION = YES;
				CLANG_WARN_OBJC_ROOT_CLASS = YES_ERROR;
				CLANG_WARN_QUOTED_INCLUDE_IN_FRAMEWORK_HEADER = YES;
				CLANG_WARN_RANGE_LOOP_ANALYSIS = YES;
				CLANG_WARN_STRICT_PROTOTYPES = YES;
				CLANG_WARN_SUSPICIOUS_MOVE = YES;
				CLANG_WARN_UNGUARDED_AVAILABILITY = YES_AGGRESSIVE;
				CLANG_WARN_UNREACHABLE_CODE = YES;
				CLANG_WARN__DUPLICATE_METHOD_MATCH = YES;
				COPY_PHASE_STRIP = NO;
				DEBUG_INFORMATION_FORMAT = dwarf;
				DEVELOPMENT_TEAM = GNTHX6WSUW;
				ENABLE_STRICT_OBJC_MSGSEND = YES;
				ENABLE_TESTABILITY = YES;
				ENABLE_USER_SCRIPT_SANDBOXING = YES;
				GCC_C_LANGUAGE_STANDARD = gnu17;
				GCC_DYNAMIC_NO_PIC = NO;
				GCC_NO_COMMON_BLOCKS = YES;
				GCC_OPTIMIZATION_LEVEL = 0;
				GCC_PREPROCESSOR_DEFINITIONS = (
					"DEBUG=1",
					"$(inherited)",
				);
				GCC_WARN_64_TO_32_BIT_CONVERSION = YES;
				GCC_WARN_ABOUT_RETURN_TYPE = YES_ERROR;
				GCC_WARN_UNDECLARED_SELECTOR = YES;
				GCC_WARN_UNINITIALIZED_AUTOS = YES_AGGRESSIVE;
				GCC_WARN_UNUSED_FUNCTION = YES;
				GCC_WARN_UNUSED_VARIABLE = YES;
				LOCALIZATION_PREFERS_STRING_CATALOGS = YES;
				MTL_ENABLE_DEBUG_INFO = INCLUDE_SOURCE;
				MTL_FAST_MATH = YES;
				ONLY_ACTIVE_ARCH = YES;
				SDKROOT = xros;
				SWIFT_ACTIVE_COMPILATION_CONDITIONS = "DEBUG $(inherited)";
				SWIFT_OPTIMIZATION_LEVEL = "-Onone";
				XROS_DEPLOYMENT_TARGET = 26.0;
			};
			name = Debug;
		};
		F1CCAE512EDC182000388E23 /* Release */ = {
			isa = XCBuildConfiguration;
			buildSettings = {
				ALWAYS_SEARCH_USER_PATHS = NO;
				ASSETCATALOG_COMPILER_GENERATE_SWIFT_ASSET_SYMBOL_EXTENSIONS = YES;
				CLANG_ANALYZER_NONNULL = YES;
				CLANG_ANALYZER_NUMBER_OBJECT_CONVERSION = YES_AGGRESSIVE;
				CLANG_CXX_LANGUAGE_STANDARD = "gnu++20";
				CLANG_ENABLE_MODULES = YES;
				CLANG_ENABLE_OBJC_ARC = YES;
				CLANG_ENABLE_OBJC_WEAK = YES;
				CLANG_WARN_BLOCK_CAPTURE_AUTORELEASING = YES;
				CLANG_WARN_BOOL_CONVERSION = YES;
				CLANG_WARN_COMMA = YES;
				CLANG_WARN_CONSTANT_CONVERSION = YES;
				CLANG_WARN_DEPRECATED_OBJC_IMPLEMENTATIONS = YES;
				CLANG_WARN_DIRECT_OBJC_ISA_USAGE = YES_ERROR;
				CLANG_WARN_DOCUMENTATION_COMMENTS = YES;
				CLANG_WARN_EMPTY_BODY = YES;
				CLANG_WARN_ENUM_CONVERSION = YES;
				CLANG_WARN_INFINITE_RECURSION = YES;
				CLANG_WARN_INT_CONVERSION = YES;
				CLANG_WARN_NON_LITERAL_NULL_CONVERSION = YES;
				CLANG_WARN_OBJC_IMPLICIT_RETAIN_SELF = YES;
				CLANG_WARN_OBJC_LITERAL_CONVERSION = YES;
				CLANG_WARN_OBJC_ROOT_CLASS = YES_ERROR;
				CLANG_WARN_QUOTED_INCLUDE_IN_FRAMEWORK_HEADER = YES;
				CLANG_WARN_RANGE_LOOP_ANALYSIS = YES;
				CLANG_WARN_STRICT_PROTOTYPES = YES;
				CLANG_WARN_SUSPICIOUS_MOVE = YES;
				CLANG_WARN_UNGUARDED_AVAILABILITY = YES_AGGRESSIVE;
				CLANG_WARN_UNREACHABLE_CODE = YES;
				CLANG_WARN__DUPLICATE_METHOD_MATCH = YES;
				COPY_PHASE_STRIP = NO;
				DEBUG_INFORMATION_FORMAT = "dwarf-with-dsym";
				DEVELOPMENT_TEAM = GNTHX6WSUW;
				ENABLE_NS_ASSERTIONS = NO;
				ENABLE_STRICT_OBJC_MSGSEND = YES;
				ENABLE_USER_SCRIPT_SANDBOXING = YES;
				GCC_C_LANGUAGE_STANDARD = gnu17;
				GCC_NO_COMMON_BLOCKS = YES;
				GCC_WARN_64_TO_32_BIT_CONVERSION = YES;
				GCC_WARN_ABOUT_RETURN_TYPE = YES_ERROR;
				GCC_WARN_UNDECLARED_SELECTOR = YES;
				GCC_WARN_UNINITIALIZED_AUTOS = YES_AGGRESSIVE;
				GCC_WARN_UNUSED_FUNCTION = YES;
				GCC_WARN_UNUSED_VARIABLE = YES;
				LOCALIZATION_PREFERS_STRING_CATALOGS = YES;
				MTL_ENABLE_DEBUG_INFO = NO;
				MTL_FAST_MATH = YES;
				SDKROOT = xros;
				SWIFT_COMPILATION_MODE = wholemodule;
				VALIDATE_PRODUCT = YES;
				XROS_DEPLOYMENT_TARGET = 26.0;
			};
			name = Release;
		};
		F1CCAE532EDC182000388E23 /* Debug */ = {
			isa = XCBuildConfiguration;
			buildSettings = {
				BUNDLE_LOADER = "$(TEST_HOST)";
				CODE_SIGN_STYLE = Automatic;
				CURRENT_PROJECT_VERSION = 1;
				DEVELOPMENT_TEAM = GNTHX6WSUW;
				GENERATE_INFOPLIST_FILE = YES;
				MARKETING_VERSION = 1.0;
				PRODUCT_BUNDLE_IDENTIFIER = dev.beardedwonder.DockerVisionTests;
				PRODUCT_NAME = "$(TARGET_NAME)";
				STRING_CATALOG_GENERATE_SYMBOLS = NO;
				SUPPORTED_PLATFORMS = "xros xrsimulator";
				SWIFT_APPROACHABLE_CONCURRENCY = YES;
				SWIFT_EMIT_LOC_STRINGS = NO;
				SWIFT_UPCOMING_FEATURE_MEMBER_IMPORT_VISIBILITY = YES;
				SWIFT_VERSION = 5.0;
				TARGETED_DEVICE_FAMILY = 7;
				TEST_HOST = "$(BUILT_PRODUCTS_DIR)/DockerVision.app/$(BUNDLE_EXECUTABLE_FOLDER_PATH)/DockerVision";
				XROS_DEPLOYMENT_TARGET = 26.0;
			};
			name = Debug;
		};
		F1CCAE542EDC182000388E23 /* Release */ = {
			isa = XCBuildConfiguration;
			buildSettings = {
				BUNDLE_LOADER = "$(TEST_HOST)";
				CODE_SIGN_STYLE = Automatic;
				CURRENT_PROJECT_VERSION = 1;
				DEVELOPMENT_TEAM = GNTHX6WSUW;
				GENERATE_INFOPLIST_FILE = YES;
				MARKETING_VERSION = 1.0;
				PRODUCT_BUNDLE_IDENTIFIER = dev.beardedwonder.DockerVisionTests;
				PRODUCT_NAME = "$(TARGET_NAME)";
				STRING_CATALOG_GENERATE_SYMBOLS = NO;
				SUPPORTED_PLATFORMS = "xros xrsimulator";
				SWIFT_APPROACHABLE_CONCURRENCY = YES;
				SWIFT_EMIT_LOC_STRINGS = NO;
				SWIFT_UPCOMING_FEATURE_MEMBER_IMPORT_VISIBILITY = YES;
				SWIFT_VERSION = 5.0;
				TARGETED_DEVICE_FAMILY = 7;
				TEST_HOST = "$(BUILT_PRODUCTS_DIR)/DockerVision.app/$(BUNDLE_EXECUTABLE_FOLDER_PATH)/DockerVision";
				XROS_DEPLOYMENT_TARGET = 26.0;
			};
			name = Release;
		};
/* End XCBuildConfiguration section */

/* Begin XCConfigurationList section */
		F1CCAE2F2EDC181F00388E23 /* Build configuration list for PBXProject "DockerVision" */ = {
			isa = XCConfigurationList;
			buildConfigurations = (
				F1CCAE502EDC182000388E23 /* Debug */,
				F1CCAE512EDC182000388E23 /* Release */,
			);
			defaultConfigurationIsVisible = 0;
			defaultConfigurationName = Release;
		};
		F1CCAE4D2EDC182000388E23 /* Build configuration list for PBXNativeTarget "DockerVision" */ = {
			isa = XCConfigurationList;
			buildConfigurations = (
				F1CCAE4E2EDC182000388E23 /* Debug */,
				F1CCAE4F2EDC182000388E23 /* Release */,
			);
			defaultConfigurationIsVisible = 0;
			defaultConfigurationName = Release;
		};
		F1CCAE522EDC182000388E23 /* Build configuration list for PBXNativeTarget "DockerVisionTests" */ = {
			isa = XCConfigurationList;
			buildConfigurations = (
				F1CCAE532EDC182000388E23 /* Debug */,
				F1CCAE542EDC182000388E23 /* Release */,
			);
			defaultConfigurationIsVisible = 0;
			defaultConfigurationName = Release;
		};
/* End XCConfigurationList section */

/* Begin XCLocalSwiftPackageReference section */
		F1CCAE552EDC18B100388E23 /* XCLocalSwiftPackageReference "../../sdk/swift/DockerVisionSDK" */ = {
			isa = XCLocalSwiftPackageReference;
			relativePath = ../../sdk/swift/DockerVisionSDK;
		};
/* End XCLocalSwiftPackageReference section */

/* Begin XCSwiftPackageProductDependency section */
		F1CCAE392EDC181F00388E23 /* RealityKitContent */ = {
			isa = XCSwiftPackageProductDependency;
			productName = RealityKitContent;
		};
		F1CCAE562EDC18B100388E23 /* DockerVisionSDK */ = {
			isa = XCSwiftPackageProductDependency;
			productName = DockerVisionSDK;
		};
/* End XCSwiftPackageProductDependency section */
	};
	rootObject = F1CCAE2C2EDC181F00388E23 /* Project object */;
}
